Microsoft Visual Studio Solution File, Format Version 11.00
# Visual Studio 2008

Project("{756198DA-8545-ADF3-314D-E01A16C8A397}") = "Large Terrain", "Assembly-CSharp.csproj", "{2DC04911-719D-386F-3763-EF7249073C40}"
EndProject
Global
	GlobalSection(SolutionConfigurationPlatforms) = preSolution
		Debug|Any CPU = Debug|Any CPU
		Release|Any CPU = Release|Any CPU
	EndGlobalSection
	GlobalSection(ProjectConfigurationPlatforms) = postSolution
		{2DC04911-719D-386F-3763-EF7249073C40}.Debug|Any CPU.ActiveCfg = Debug|Any CPU
		{2DC04911-719D-386F-3763-EF7249073C40}.Debug|Any CPU.Build.0 = Debug|Any CPU
		{2DC04911-719D-386F-3763-EF7249073C40}.Release|Any CPU.ActiveCfg = Release|Any CPU
		{2DC04911-719D-386F-3763-EF7249073C40}.Release|Any CPU.Build.0 = Release|Any CPU
	EndGlobalSection
	GlobalSection(SolutionProperties) = preSolution
		HideSolutionNode = FALSE
	EndGlobalSection
	GlobalSection(MonoDevelopProperties) = preSolution
		StartupItem = Assembly-CSharp.csproj
	EndGlobalSection
EndGlobal
